
Microsoft Visual Studio Solution File, Format Version 12.00
# Visual Studio Version 17
VisualStudioVersion = 17.12.35309.182
MinimumVisualStudioVersion = 10.0.40219.1
Project("{2150E333-8FDC-42A3-9474-1A3956D46DE8}") = "src", "src", "{02EA681E-C7D8-13C7-8484-4AC65E1B71E8}"
EndProject
Project("{FAE04EC0-301F-11D3-BF4B-00C04F79EFBC}") = "AINarrativePainting.App", "src\AINarrativePainting.App\AINarrativePainting.App.csproj", "{1149F054-976C-CD1C-66A5-29D91FD92CC5}"
EndProject
Global
	GlobalSection(SolutionConfigurationPlatforms) = preSolution
		Debug|Any CPU = Debug|Any CPU
		Release|Any CPU = Release|Any CPU
	EndGlobalSection
	GlobalSection(ProjectConfigurationPlatforms) = postSolution
		{1149F054-976C-CD1C-66A5-29D91FD92CC5}.Debug|Any CPU.ActiveCfg = Debug|Any CPU
		{1149F054-976C-CD1C-66A5-29D91FD92CC5}.Debug|Any CPU.Build.0 = Debug|Any CPU
		{1149F054-976C-CD1C-66A5-29D91FD92CC5}.Release|Any CPU.ActiveCfg = Release|Any CPU
		{1149F054-976C-CD1C-66A5-29D91FD92CC5}.Release|Any CPU.Build.0 = Release|Any CPU
	EndGlobalSection
	GlobalSection(SolutionProperties) = preSolution
		HideSolutionNode = FALSE
	EndGlobalSection
	GlobalSection(NestedProjects) = preSolution
		{1149F054-976C-CD1C-66A5-29D91FD92CC5} = {02EA681E-C7D8-13C7-8484-4AC65E1B71E8}
	EndGlobalSection
	GlobalSection(ExtensibilityGlobals) = postSolution
		SolutionGuid = {AE92D381-467A-44BA-938E-5BB75E28EEB1}
	EndGlobalSection
EndGlobal
