Microsoft Visual Studio Solution File, Format Version 12.00
# Visual Studio Version 17
VisualStudioVersion = 17.5.2.0
MinimumVisualStudioVersion = 10.0.40219.1
Project("{FAE04EC0-301F-11D3-BF4B-00C04F79EFBC}") = "AINarrativePainting.App", "AINarrativePainting.App.csproj", "{8574DB2C-3B2A-EEB7-08A9-07E02565B85A}"
EndProject
Global
	GlobalSection(SolutionConfigurationPlatforms) = preSolution
		Debug|Any CPU = Debug|Any CPU
		Release|Any CPU = Release|Any CPU
	EndGlobalSection
	GlobalSection(ProjectConfigurationPlatforms) = postSolution
		{8574DB2C-3B2A-EEB7-08A9-07E02565B85A}.Debug|Any CPU.ActiveCfg = Debug|Any CPU
		{8574DB2C-3B2A-EEB7-08A9-07E02565B85A}.Debug|Any CPU.Build.0 = Debug|Any CPU
		{8574DB2C-3B2A-EEB7-08A9-07E02565B85A}.Release|Any CPU.ActiveCfg = Release|Any CPU
		{8574DB2C-3B2A-EEB7-08A9-07E02565B85A}.Release|Any CPU.Build.0 = Release|Any CPU
	EndGlobalSection
	GlobalSection(SolutionProperties) = preSolution
		HideSolutionNode = FALSE
	EndGlobalSection
	GlobalSection(ExtensibilityGlobals) = postSolution
		SolutionGuid = {84139B9E-5EDB-4725-B0E2-7564C13E49D2}
	EndGlobalSection
EndGlobal
